
Microsoft Visual Studio Solution File, Format Version 12.00
# Visual Studio Version 17
VisualStudioVersion = 17.7.34024.191
MinimumVisualStudioVersion = 10.0.40219.1
Project("{9A19103F-16F7-4668-BE54-9A1E7A4F7556}") = "ServerExample", "ServerExample\ServerExample.csproj", "{5F79B2DD-37DF-421B-A57A-FAC5D30D1542}"
EndProject
Project("{9A19103F-16F7-4668-BE54-9A1E7A4F7556}") = "Benchmark", "Benchmark\Benchmark.csproj", "{463E82A2-FD4B-44F8-9625-B3A65AE41A48}"
EndProject
Project("{9A19103F-16F7-4668-BE54-9A1E7A4F7556}") = "CmePrintDefChecker", "CmePrintDefChecker\CmePrintDefChecker.csproj", "{647BAAB4-25B8-400D-853B-018871A7D688}"
EndProject
Project("{9A19103F-16F7-4668-BE54-9A1E7A4F7556}") = "SpiderRock.SpiderStream", "SpiderRock.SpiderStream\SpiderRock.SpiderStream.csproj", "{A96908AA-7692-4536-B277-5DEA14B7CB7C}"
EndProject
Global
	GlobalSection(SolutionConfigurationPlatforms) = preSolution
		Debug|Any CPU = Debug|Any CPU
		Debug|x64 = Debug|x64
		Linux-Debug|Any CPU = Linux-Debug|Any CPU
		Linux-Debug|x64 = Linux-Debug|x64
		Linux-Release|Any CPU = Linux-Release|Any CPU
		Linux-Release|x64 = Linux-Release|x64
		Release|Any CPU = Release|Any CPU
		Release|x64 = Release|x64
		ReleaseRunLocal|Any CPU = ReleaseRunLocal|Any CPU
		ReleaseRunLocal|x64 = ReleaseRunLocal|x64
	EndGlobalSection
	GlobalSection(ProjectConfigurationPlatforms) = postSolution
		{5F79B2DD-37DF-421B-A57A-FAC5D30D1542}.Debug|Any CPU.ActiveCfg = Debug|x64
		{5F79B2DD-37DF-421B-A57A-FAC5D30D1542}.Debug|Any CPU.Build.0 = Debug|x64
		{5F79B2DD-37DF-421B-A57A-FAC5D30D1542}.Debug|x64.ActiveCfg = ReleaseRunLocal|x64
		{5F79B2DD-37DF-421B-A57A-FAC5D30D1542}.Debug|x64.Build.0 = ReleaseRunLocal|x64
		{5F79B2DD-37DF-421B-A57A-FAC5D30D1542}.Linux-Debug|Any CPU.ActiveCfg = Linux-Debug|x64
		{5F79B2DD-37DF-421B-A57A-FAC5D30D1542}.Linux-Debug|Any CPU.Build.0 = Linux-Debug|x64
		{5F79B2DD-37DF-421B-A57A-FAC5D30D1542}.Linux-Debug|x64.ActiveCfg = Linux-Debug|x64
		{5F79B2DD-37DF-421B-A57A-FAC5D30D1542}.Linux-Debug|x64.Build.0 = Linux-Debug|x64
		{5F79B2DD-37DF-421B-A57A-FAC5D30D1542}.Linux-Release|Any CPU.ActiveCfg = Linux-Release|x64
		{5F79B2DD-37DF-421B-A57A-FAC5D30D1542}.Linux-Release|Any CPU.Build.0 = Linux-Release|x64
		{5F79B2DD-37DF-421B-A57A-FAC5D30D1542}.Linux-Release|x64.ActiveCfg = Linux-Release|x64
		{5F79B2DD-37DF-421B-A57A-FAC5D30D1542}.Linux-Release|x64.Build.0 = Linux-Release|x64
		{5F79B2DD-37DF-421B-A57A-FAC5D30D1542}.Release|Any CPU.ActiveCfg = Release|Any CPU
		{5F79B2DD-37DF-421B-A57A-FAC5D30D1542}.Release|Any CPU.Build.0 = Release|Any CPU
		{5F79B2DD-37DF-421B-A57A-FAC5D30D1542}.Release|x64.ActiveCfg = Release|x64
		{5F79B2DD-37DF-421B-A57A-FAC5D30D1542}.Release|x64.Build.0 = Release|x64
		{5F79B2DD-37DF-421B-A57A-FAC5D30D1542}.ReleaseRunLocal|Any CPU.ActiveCfg = ReleaseRunLocal|x64
		{5F79B2DD-37DF-421B-A57A-FAC5D30D1542}.ReleaseRunLocal|Any CPU.Build.0 = ReleaseRunLocal|x64
		{5F79B2DD-37DF-421B-A57A-FAC5D30D1542}.ReleaseRunLocal|x64.ActiveCfg = ReleaseRunLocal|x64
		{5F79B2DD-37DF-421B-A57A-FAC5D30D1542}.ReleaseRunLocal|x64.Build.0 = ReleaseRunLocal|x64
		{463E82A2-FD4B-44F8-9625-B3A65AE41A48}.Debug|Any CPU.ActiveCfg = Debug|x64
		{463E82A2-FD4B-44F8-9625-B3A65AE41A48}.Debug|Any CPU.Build.0 = Debug|x64
		{463E82A2-FD4B-44F8-9625-B3A65AE41A48}.Debug|x64.ActiveCfg = ReleaseRunLocal|x64
		{463E82A2-FD4B-44F8-9625-B3A65AE41A48}.Debug|x64.Build.0 = ReleaseRunLocal|x64
		{463E82A2-FD4B-44F8-9625-B3A65AE41A48}.Linux-Debug|Any CPU.ActiveCfg = Linux-Debug|x64
		{463E82A2-FD4B-44F8-9625-B3A65AE41A48}.Linux-Debug|Any CPU.Build.0 = Linux-Debug|x64
		{463E82A2-FD4B-44F8-9625-B3A65AE41A48}.Linux-Debug|x64.ActiveCfg = Linux-Debug|x64
		{463E82A2-FD4B-44F8-9625-B3A65AE41A48}.Linux-Debug|x64.Build.0 = Linux-Debug|x64
		{463E82A2-FD4B-44F8-9625-B3A65AE41A48}.Linux-Release|Any CPU.ActiveCfg = Linux-Release|x64
		{463E82A2-FD4B-44F8-9625-B3A65AE41A48}.Linux-Release|Any CPU.Build.0 = Linux-Release|x64
		{463E82A2-FD4B-44F8-9625-B3A65AE41A48}.Linux-Release|x64.ActiveCfg = Linux-Release|x64
		{463E82A2-FD4B-44F8-9625-B3A65AE41A48}.Linux-Release|x64.Build.0 = Linux-Release|x64
		{463E82A2-FD4B-44F8-9625-B3A65AE41A48}.Release|Any CPU.ActiveCfg = Release|Any CPU
		{463E82A2-FD4B-44F8-9625-B3A65AE41A48}.Release|Any CPU.Build.0 = Release|Any CPU
		{463E82A2-FD4B-44F8-9625-B3A65AE41A48}.Release|x64.ActiveCfg = Release|x64
		{463E82A2-FD4B-44F8-9625-B3A65AE41A48}.Release|x64.Build.0 = Release|x64
		{463E82A2-FD4B-44F8-9625-B3A65AE41A48}.ReleaseRunLocal|Any CPU.ActiveCfg = ReleaseRunLocal|x64
		{463E82A2-FD4B-44F8-9625-B3A65AE41A48}.ReleaseRunLocal|Any CPU.Build.0 = ReleaseRunLocal|x64
		{463E82A2-FD4B-44F8-9625-B3A65AE41A48}.ReleaseRunLocal|x64.ActiveCfg = ReleaseRunLocal|x64
		{463E82A2-FD4B-44F8-9625-B3A65AE41A48}.ReleaseRunLocal|x64.Build.0 = ReleaseRunLocal|x64
		{647BAAB4-25B8-400D-853B-018871A7D688}.Debug|Any CPU.ActiveCfg = Debug|x64
		{647BAAB4-25B8-400D-853B-018871A7D688}.Debug|Any CPU.Build.0 = Debug|x64
		{647BAAB4-25B8-400D-853B-018871A7D688}.Debug|x64.ActiveCfg = ReleaseRunLocal|x64
		{647BAAB4-25B8-400D-853B-018871A7D688}.Debug|x64.Build.0 = ReleaseRunLocal|x64
		{647BAAB4-25B8-400D-853B-018871A7D688}.Linux-Debug|Any CPU.ActiveCfg = Linux-Debug|x64
		{647BAAB4-25B8-400D-853B-018871A7D688}.Linux-Debug|Any CPU.Build.0 = Linux-Debug|x64
		{647BAAB4-25B8-400D-853B-018871A7D688}.Linux-Debug|x64.ActiveCfg = Linux-Debug|x64
		{647BAAB4-25B8-400D-853B-018871A7D688}.Linux-Debug|x64.Build.0 = Linux-Debug|x64
		{647BAAB4-25B8-400D-853B-018871A7D688}.Linux-Release|Any CPU.ActiveCfg = Linux-Release|x64
		{647BAAB4-25B8-400D-853B-018871A7D688}.Linux-Release|Any CPU.Build.0 = Linux-Release|x64
		{647BAAB4-25B8-400D-853B-018871A7D688}.Linux-Release|x64.ActiveCfg = Linux-Release|x64
		{647BAAB4-25B8-400D-853B-018871A7D688}.Linux-Release|x64.Build.0 = Linux-Release|x64
		{647BAAB4-25B8-400D-853B-018871A7D688}.Release|Any CPU.ActiveCfg = Release|Any CPU
		{647BAAB4-25B8-400D-853B-018871A7D688}.Release|Any CPU.Build.0 = Release|Any CPU
		{647BAAB4-25B8-400D-853B-018871A7D688}.Release|x64.ActiveCfg = Release|x64
		{647BAAB4-25B8-400D-853B-018871A7D688}.Release|x64.Build.0 = Release|x64
		{647BAAB4-25B8-400D-853B-018871A7D688}.ReleaseRunLocal|Any CPU.ActiveCfg = ReleaseRunLocal|x64
		{647BAAB4-25B8-400D-853B-018871A7D688}.ReleaseRunLocal|Any CPU.Build.0 = ReleaseRunLocal|x64
		{647BAAB4-25B8-400D-853B-018871A7D688}.ReleaseRunLocal|x64.ActiveCfg = ReleaseRunLocal|x64
		{647BAAB4-25B8-400D-853B-018871A7D688}.ReleaseRunLocal|x64.Build.0 = ReleaseRunLocal|x64
		{A96908AA-7692-4536-B277-5DEA14B7CB7C}.Debug|Any CPU.ActiveCfg = Debug|x64
		{A96908AA-7692-4536-B277-5DEA14B7CB7C}.Debug|Any CPU.Build.0 = Debug|x64
		{A96908AA-7692-4536-B277-5DEA14B7CB7C}.Debug|x64.ActiveCfg = Debug|x64
		{A96908AA-7692-4536-B277-5DEA14B7CB7C}.Debug|x64.Build.0 = Debug|x64
		{A96908AA-7692-4536-B277-5DEA14B7CB7C}.Linux-Debug|Any CPU.ActiveCfg = Linux-Debug|x64
		{A96908AA-7692-4536-B277-5DEA14B7CB7C}.Linux-Debug|Any CPU.Build.0 = Linux-Debug|x64
		{A96908AA-7692-4536-B277-5DEA14B7CB7C}.Linux-Debug|x64.ActiveCfg = Linux-Debug|x64
		{A96908AA-7692-4536-B277-5DEA14B7CB7C}.Linux-Debug|x64.Build.0 = Linux-Debug|x64
		{A96908AA-7692-4536-B277-5DEA14B7CB7C}.Linux-Release|Any CPU.ActiveCfg = Linux-Release|x64
		{A96908AA-7692-4536-B277-5DEA14B7CB7C}.Linux-Release|Any CPU.Build.0 = Linux-Release|x64
		{A96908AA-7692-4536-B277-5DEA14B7CB7C}.Linux-Release|x64.ActiveCfg = Linux-Release|x64
		{A96908AA-7692-4536-B277-5DEA14B7CB7C}.Linux-Release|x64.Build.0 = Linux-Release|x64
		{A96908AA-7692-4536-B277-5DEA14B7CB7C}.Release|Any CPU.ActiveCfg = Release|x64
		{A96908AA-7692-4536-B277-5DEA14B7CB7C}.Release|Any CPU.Build.0 = Release|x64
		{A96908AA-7692-4536-B277-5DEA14B7CB7C}.Release|x64.ActiveCfg = Release|x64
		{A96908AA-7692-4536-B277-5DEA14B7CB7C}.Release|x64.Build.0 = Release|x64
		{A96908AA-7692-4536-B277-5DEA14B7CB7C}.ReleaseRunLocal|Any CPU.ActiveCfg = ReleaseRunLocal|x64
		{A96908AA-7692-4536-B277-5DEA14B7CB7C}.ReleaseRunLocal|Any CPU.Build.0 = ReleaseRunLocal|x64
		{A96908AA-7692-4536-B277-5DEA14B7CB7C}.ReleaseRunLocal|x64.ActiveCfg = ReleaseRunLocal|x64
		{A96908AA-7692-4536-B277-5DEA14B7CB7C}.ReleaseRunLocal|x64.Build.0 = ReleaseRunLocal|x64
	EndGlobalSection
	GlobalSection(SolutionProperties) = preSolution
		HideSolutionNode = FALSE
	EndGlobalSection
	GlobalSection(ExtensibilityGlobals) = postSolution
		SolutionGuid = {A5F6B3A6-9581-47C7-A2BD-0CE616F8E475}
	EndGlobalSection
EndGlobal
