
Microsoft Visual Studio Solution File, Format Version 12.00
# Visual Studio Version 16
VisualStudioVersion = 16.0.30320.27
MinimumVisualStudioVersion = 10.0.40219.1
Project("{FAE04EC0-301F-11D3-BF4B-00C04F79EFBC}") = "ServerExample", "ServerExample\ServerExample.csproj", "{5F79B2DD-37DF-421B-A57A-FAC5D30D1542}"
EndProject
Project("{FAE04EC0-301F-11D3-BF4B-00C04F79EFBC}") = "SpiderRock.DataFeed", "SpiderRock.DataFeed\SpiderRock.DataFeed.csproj", "{8F80FD2A-9838-480C-A50B-90051556C37D}"
EndProject
Project("{FAE04EC0-301F-11D3-BF4B-00C04F79EFBC}") = "Benchmark", "Benchmark\Benchmark.csproj", "{463E82A2-FD4B-44F8-9625-B3A65AE41A48}"
EndProject
Project("{FAE04EC0-301F-11D3-BF4B-00C04F79EFBC}") = "CmePrintDefChecker", "CmePrintDefChecker\CmePrintDefChecker.csproj", "{647BAAB4-25B8-400D-853B-018871A7D688}"
EndProject
Global
	GlobalSection(SolutionConfigurationPlatforms) = preSolution
		Debug|Any CPU = Debug|Any CPU
		Release|Any CPU = Release|Any CPU
	EndGlobalSection
	GlobalSection(ProjectConfigurationPlatforms) = postSolution
		{5F79B2DD-37DF-421B-A57A-FAC5D30D1542}.Debug|Any CPU.ActiveCfg = Debug|Any CPU
		{5F79B2DD-37DF-421B-A57A-FAC5D30D1542}.Debug|Any CPU.Build.0 = Debug|Any CPU
		{5F79B2DD-37DF-421B-A57A-FAC5D30D1542}.Release|Any CPU.ActiveCfg = Release|Any CPU
		{5F79B2DD-37DF-421B-A57A-FAC5D30D1542}.Release|Any CPU.Build.0 = Release|Any CPU
		{8F80FD2A-9838-480C-A50B-90051556C37D}.Debug|Any CPU.ActiveCfg = Debug|Any CPU
		{8F80FD2A-9838-480C-A50B-90051556C37D}.Debug|Any CPU.Build.0 = Debug|Any CPU
		{8F80FD2A-9838-480C-A50B-90051556C37D}.Release|Any CPU.ActiveCfg = Release|Any CPU
		{8F80FD2A-9838-480C-A50B-90051556C37D}.Release|Any CPU.Build.0 = Release|Any CPU
		{463E82A2-FD4B-44F8-9625-B3A65AE41A48}.Debug|Any CPU.ActiveCfg = Debug|Any CPU
		{463E82A2-FD4B-44F8-9625-B3A65AE41A48}.Debug|Any CPU.Build.0 = Debug|Any CPU
		{463E82A2-FD4B-44F8-9625-B3A65AE41A48}.Release|Any CPU.ActiveCfg = Release|Any CPU
		{463E82A2-FD4B-44F8-9625-B3A65AE41A48}.Release|Any CPU.Build.0 = Release|Any CPU
		{647BAAB4-25B8-400D-853B-018871A7D688}.Debug|Any CPU.ActiveCfg = Debug|Any CPU
		{647BAAB4-25B8-400D-853B-018871A7D688}.Debug|Any CPU.Build.0 = Debug|Any CPU
		{647BAAB4-25B8-400D-853B-018871A7D688}.Release|Any CPU.ActiveCfg = Release|Any CPU
		{647BAAB4-25B8-400D-853B-018871A7D688}.Release|Any CPU.Build.0 = Release|Any CPU
	EndGlobalSection
	GlobalSection(SolutionProperties) = preSolution
		HideSolutionNode = FALSE
	EndGlobalSection
	GlobalSection(ExtensibilityGlobals) = postSolution
		SolutionGuid = {A5F6B3A6-9581-47C7-A2BD-0CE616F8E475}
	EndGlobalSection
EndGlobal
