<?xml version="1.0" encoding="utf-8"?>
<Project ToolsVersion="4.0" xmlns="http://schemas.microsoft.com/developer/msbuild/2003">
  <ItemGroup>
    <Filter Include="Source Files">
      <UniqueIdentifier>{4FC737F1-C7A5-4376-A066-2A32D752A2FF}</UniqueIdentifier>
      <Extensions>cpp;c;cc;cxx;def;odl;idl;hpj;bat;asm;asmx</Extensions>
    </Filter>
    <Filter Include="Header Files">
      <UniqueIdentifier>{93995380-89BD-4b04-88EB-625FBE52EBFB}</UniqueIdentifier>
      <Extensions>h;hh;hpp;hxx;hm;inl;inc;xsd</Extensions>
    </Filter>
    <Filter Include="Resource Files">
      <UniqueIdentifier>{67DA6AB6-F800-4c08-8B7A-83BB121AAD01}</UniqueIdentifier>
      <Extensions>rc;ico;cur;bmp;dlg;rc2;rct;bin;rgs;gif;jpg;jpeg;jpe;resx;tiff;tif;png;wav;mfcribbon-ms</Extensions>
    </Filter>
    <Filter Include="DataFeed">
      <UniqueIdentifier>{8c6c794c-3be8-4860-b082-9a58afed82ad}</UniqueIdentifier>
    </Filter>
    <Filter Include="Net">
      <UniqueIdentifier>{5f3285f0-dc5c-439d-aa4f-6c7445adffde}</UniqueIdentifier>
    </Filter>
    <Filter Include="Net\Proto">
      <UniqueIdentifier>{0a3ec678-261c-47d5-9bc5-78e548b8f5ba}</UniqueIdentifier>
    </Filter>
    <Filter Include="Net\Proto\DBL">
      <UniqueIdentifier>{c47b0797-0eec-4854-ab9b-2c6d1fad7f49}</UniqueIdentifier>
    </Filter>
    <Filter Include="Net\Proto\UDP">
      <UniqueIdentifier>{360fb562-f9ac-44bd-99a9-ea86d3c10034}</UniqueIdentifier>
    </Filter>
  </ItemGroup>
  <ItemGroup>
    <Text Include="ReadMe.txt" />
  </ItemGroup>
  <ItemGroup>
    <ClInclude Include="stdafx.h">
      <Filter>Header Files</Filter>
    </ClInclude>
    <ClInclude Include="targetver.h">
      <Filter>Header Files</Filter>
    </ClInclude>
    <ClInclude Include="SRDataFeed.h">
      <Filter>Header Files</Filter>
    </ClInclude>
    <ClInclude Include="DataFeed\AdminMessages.h">
      <Filter>DataFeed</Filter>
    </ClInclude>
    <ClInclude Include="DataFeed\CacheClient.h">
      <Filter>DataFeed</Filter>
    </ClInclude>
    <ClInclude Include="DataFeed\Channel.h">
      <Filter>DataFeed</Filter>
    </ClInclude>
    <ClInclude Include="DataFeed\CoreMessages.h">
      <Filter>DataFeed</Filter>
    </ClInclude>
    <ClInclude Include="DataFeed\DataChannel.h">
      <Filter>DataFeed</Filter>
    </ClInclude>
    <ClInclude Include="DataFeed\Enums.h">
      <Filter>DataFeed</Filter>
    </ClInclude>
    <ClInclude Include="DataFeed\EventObserver.h">
      <Filter>DataFeed</Filter>
    </ClInclude>
    <ClInclude Include="DataFeed\Fields.h">
      <Filter>DataFeed</Filter>
    </ClInclude>
    <ClInclude Include="DataFeed\FrameHandler.h">
      <Filter>DataFeed</Filter>
    </ClInclude>
    <ClInclude Include="DataFeed\Header.h">
      <Filter>DataFeed</Filter>
    </ClInclude>
    <ClInclude Include="DataFeed\MessageEventSource.h">
      <Filter>DataFeed</Filter>
    </ClInclude>
    <ClInclude Include="DataFeed\MessageHandler.h">
      <Filter>DataFeed</Filter>
    </ClInclude>
    <ClInclude Include="DataFeed\MessageType.h">
      <Filter>DataFeed</Filter>
    </ClInclude>
    <ClInclude Include="DataFeed\SRDataFeedEngine.h">
      <Filter>DataFeed</Filter>
    </ClInclude>
    <ClInclude Include="DataFeed\SysEnvironment.h">
      <Filter>DataFeed</Filter>
    </ClInclude>
    <ClInclude Include="Net\IPEndPoint.h">
      <Filter>Net</Filter>
    </ClInclude>
    <ClInclude Include="Net\IPAddress.h">
      <Filter>Net</Filter>
    </ClInclude>
    <ClInclude Include="Net\Proto\Receiver.h">
      <Filter>Net\Proto</Filter>
    </ClInclude>
    <ClInclude Include="Net\Proto\ReadHandler.h">
      <Filter>Net\Proto</Filter>
    </ClInclude>
    <ClInclude Include="Net\Proto\UDP\Receiver.h">
      <Filter>Net\Proto\UDP</Filter>
    </ClInclude>
    <ClInclude Include="Net\Proto\DBL\Receiver.h">
      <Filter>Net\Proto\DBL</Filter>
    </ClInclude>
  </ItemGroup>
  <ItemGroup>
    <ClCompile Include="stdafx.cpp">
      <Filter>Source Files</Filter>
    </ClCompile>
    <ClCompile Include="ServerExample.cpp">
      <Filter>Source Files</Filter>
    </ClCompile>
    <ClCompile Include="DataFeed\SRDataFeedEngine.cpp">
      <Filter>Source Files</Filter>
    </ClCompile>
    <ClCompile Include="DataFeed\CacheClient.cpp">
      <Filter>Source Files</Filter>
    </ClCompile>
    <ClCompile Include="DataFeed\Channel.cpp">
      <Filter>Source Files</Filter>
    </ClCompile>
    <ClCompile Include="DataFeed\FrameHandler.cpp">
      <Filter>Source Files</Filter>
    </ClCompile>
  </ItemGroup>
</Project>